
Microsoft Visual Studio Solution File, Format Version 12.00
# Visual Studio Version 17
VisualStudioVersion = 17.8.34330.188
MinimumVisualStudioVersion = 10.0.40219.1
Project("{FAE04EC0-301F-11D3-BF4B-00C04F79EFBC}") = "Application", "Application\Application.csproj", "{C406CF13-1125-4D36-9197-8259FA6E5A5B}"
EndProject
Project("{FAE04EC0-301F-11D3-BF4B-00C04F79EFBC}") = "Domain", "Domain\Domain.csproj", "{C7267BA2-F13C-421D-A6E8-6391D8E6EA4D}"
EndProject
Project("{FAE04EC0-301F-11D3-BF4B-00C04F79EFBC}") = "Infrastructure", "Infrastructure\Infrastructure.csproj", "{61CA15EE-7479-432C-B717-24CE55DCF673}"
EndProject
Project("{FAE04EC0-301F-11D3-BF4B-00C04F79EFBC}") = "Presentation", "Presentation\Presentation.csproj", "{28E0F660-1DE5-4E43-BD90-28405E1ADC11}"
EndProject
Global
	GlobalSection(SolutionConfigurationPlatforms) = preSolution
		Debug|Any CPU = Debug|Any CPU
		Release|Any CPU = Release|Any CPU
	EndGlobalSection
	GlobalSection(ProjectConfigurationPlatforms) = postSolution
		{C406CF13-1125-4D36-9197-8259FA6E5A5B}.Debug|Any CPU.ActiveCfg = Debug|Any CPU
		{C406CF13-1125-4D36-9197-8259FA6E5A5B}.Debug|Any CPU.Build.0 = Debug|Any CPU
		{C406CF13-1125-4D36-9197-8259FA6E5A5B}.Release|Any CPU.ActiveCfg = Release|Any CPU
		{C406CF13-1125-4D36-9197-8259FA6E5A5B}.Release|Any CPU.Build.0 = Release|Any CPU
		{C7267BA2-F13C-421D-A6E8-6391D8E6EA4D}.Debug|Any CPU.ActiveCfg = Debug|Any CPU
		{C7267BA2-F13C-421D-A6E8-6391D8E6EA4D}.Debug|Any CPU.Build.0 = Debug|Any CPU
		{C7267BA2-F13C-421D-A6E8-6391D8E6EA4D}.Release|Any CPU.ActiveCfg = Release|Any CPU
		{C7267BA2-F13C-421D-A6E8-6391D8E6EA4D}.Release|Any CPU.Build.0 = Release|Any CPU
		{61CA15EE-7479-432C-B717-24CE55DCF673}.Debug|Any CPU.ActiveCfg = Debug|Any CPU
		{61CA15EE-7479-432C-B717-24CE55DCF673}.Debug|Any CPU.Build.0 = Debug|Any CPU
		{61CA15EE-7479-432C-B717-24CE55DCF673}.Release|Any CPU.ActiveCfg = Release|Any CPU
		{61CA15EE-7479-432C-B717-24CE55DCF673}.Release|Any CPU.Build.0 = Release|Any CPU
		{28E0F660-1DE5-4E43-BD90-28405E1ADC11}.Debug|Any CPU.ActiveCfg = Debug|Any CPU
		{28E0F660-1DE5-4E43-BD90-28405E1ADC11}.Debug|Any CPU.Build.0 = Debug|Any CPU
		{28E0F660-1DE5-4E43-BD90-28405E1ADC11}.Release|Any CPU.ActiveCfg = Release|Any CPU
		{28E0F660-1DE5-4E43-BD90-28405E1ADC11}.Release|Any CPU.Build.0 = Release|Any CPU
	EndGlobalSection
	GlobalSection(SolutionProperties) = preSolution
		HideSolutionNode = FALSE
	EndGlobalSection
	GlobalSection(ExtensibilityGlobals) = postSolution
		SolutionGuid = {2B091BAA-A7AB-4A9A-BD68-19CC86AD3C93}
	EndGlobalSection
EndGlobal
